// !$*UTF8*$!
{
	archiveVersion = 1;
	classes = {
	};
	objectVersion = 48;
	objects = {

/* Begin PBXBuildFile section */
		1A70532F207D96BB00817186 /* AppDelegate.swift in Sources */ = {isa = PBXBuildFile; fileRef = 1A70532E207D96BB00817186 /* AppDelegate.swift */; };
		1A705331207D96BB00817186 /* ViewController.swift in Sources */ = {isa = PBXBuildFile; fileRef = 1A705330207D96BB00817186 /* ViewController.swift */; };
		1A705334207D96BB00817186 /* Main.storyboard in Resources */ = {isa = PBXBuildFile; fileRef = 1A705332207D96BB00817186 /* Main.storyboard */; };
		1A705336207D96BB00817186 /* Assets.xcassets in Resources */ = {isa = PBXBuildFile; fileRef = 1A705335207D96BB00817186 /* Assets.xcassets */; };
		1A705339207D96BB00817186 /* LaunchScreen.storyboard in Resources */ = {isa = PBXBuildFile; fileRef = 1A705337207D96BB00817186 /* LaunchScreen.storyboard */; };
		1A705341207D995F00817186 /* VideoCell.swift in Sources */ = {isa = PBXBuildFile; fileRef = 1A705340207D995F00817186 /* VideoCell.swift */; };
		1A705344207DB2B500817186 /* emoji zone.mp4 in Resources */ = {isa = PBXBuildFile; fileRef = 1A705343207DB2B500817186 /* emoji zone.mp4 */; };
/* End PBXBuildFile section */

/* Begin PBXFileReference section */
		1A70532B207D96BB00817186 /* project03-PlayLocalVideo.app */ = {isa = PBXFileReference; explicitFileType = wrapper.application; includeInIndex = 0; path = "project03-PlayLocalVideo.app"; sourceTree = BUILT_PRODUCTS_DIR; };
		1A70532E207D96BB00817186 /* AppDelegate.swift */ = {isa = PBXFileReference; lastKnownFileType = sourcecode.swift; path = AppDelegate.swift; sourceTree = "<group>"; };
		1A705330207D96BB00817186 /* ViewController.swift */ = {isa = PBXFileReference; lastKnownFileType = sourcecode.swift; path = ViewController.swift; sourceTree = "<group>"; };
		1A705333207D96BB00817186 /* Base */ = {isa = PBXFileReference; lastKnownFileType = file.storyboard; name = Base; path = Base.lproj/Main.storyboard; sourceTree = "<group>"; };
		1A705335207D96BB00817186 /* Assets.xcassets */ = {isa = PBXFileReference; lastKnownFileType = folder.assetcatalog; path = Assets.xcassets; sourceTree = "<group>"; };
		1A705338207D96BB00817186 /* Base */ = {isa = PBXFileReference; lastKnownFileType = file.storyboard; name = Base; path = Base.lproj/LaunchScreen.storyboard; sourceTree = "<group>"; };
		1A70533A207D96BB00817186 /* Info.plist */ = {isa = PBXFileReference; lastKnownFileType = text.plist.xml; path = Info.plist; sourceTree = "<group>"; };
		1A705340207D995F00817186 /* VideoCell.swift */ = {isa = PBXFileReference; lastKnownFileType = sourcecode.swift; path = VideoCell.swift; sourceTree = "<group>"; };
		1A705343207DB2B500817186 /* emoji zone.mp4 */ = {isa = PBXFileReference; lastKnownFileType = file; path = "emoji zone.mp4"; sourceTree = "<group>"; };
/* End PBXFileReference section */

/* Begin PBXFrameworksBuildPhase section */
		1A705328207D96BB00817186 /* Frameworks */ = {
			isa = PBXFrameworksBuildPhase;
			buildActionMask = 2147483647;
			files = (
			);
			runOnlyForDeploymentPostprocessing = 0;
		};
/* End PBXFrameworksBuildPhase section */

/* Begin PBXGroup section */
		1A705322207D96BB00817186 = {
			isa = PBXGroup;
			children = (
				1A70532D207D96BB00817186 /* project03-PlayLocalVideo */,
				1A70532C207D96BB00817186 /* Products */,
			);
			sourceTree = "<group>";
		};
		1A70532C207D96BB00817186 /* Products */ = {
			isa = PBXGroup;
			children = (
				1A70532B207D96BB00817186 /* project03-PlayLocalVideo.app */,
			);
			name = Products;
			sourceTree = "<group>";
		};
		1A70532D207D96BB00817186 /* project03-PlayLocalVideo */ = {
			isa = PBXGroup;
			children = (
				1A70532E207D96BB00817186 /* AppDelegate.swift */,
				1A705330207D96BB00817186 /* ViewController.swift */,
				1A705340207D995F00817186 /* VideoCell.swift */,
				1A705332207D96BB00817186 /* Main.storyboard */,
				1A705342207DB2A200817186 /* Movie */,
				1A705335207D96BB00817186 /* Assets.xcassets */,
				1A705337207D96BB00817186 /* LaunchScreen.storyboard */,
				1A70533A207D96BB00817186 /* Info.plist */,
			);
			path = "project03-PlayLocalVideo";
			sourceTree = "<group>";
		};
		1A705342207DB2A200817186 /* Movie */ = {
			isa = PBXGroup;
			children = (
				1A705343207DB2B500817186 /* emoji zone.mp4 */,
			);
			path = Movie;
			sourceTree = "<group>";
		};
/* End PBXGroup section */

/* Begin PBXNativeTarget section */
		1A70532A207D96BB00817186 /* project03-PlayLocalVideo */ = {
			isa = PBXNativeTarget;
			buildConfigurationList = 1A70533D207D96BB00817186 /* Build configuration list for PBXNativeTarget "project03-PlayLocalVideo" */;
			buildPhases = (
				1A705327207D96BB00817186 /* Sources */,
				1A705328207D96BB00817186 /* Frameworks */,
				1A705329207D96BB00817186 /* Resources */,
			);
			buildRules = (
			);
			dependencies = (
			);
			name = "project03-PlayLocalVideo";
			productName = "project03-PlayLocalVideo";
			productReference = 1A70532B207D96BB00817186 /* project03-PlayLocalVideo.app */;
			productType = "com.apple.product-type.application";
		};
/* End PBXNativeTarget section */

/* Begin PBXProject section */
		1A705323207D96BB00817186 /* Project object */ = {
			isa = PBXProject;
			attributes = {
				LastSwiftUpdateCheck = 0910;
				LastUpgradeCheck = 0910;
				ORGANIZATIONNAME = "激情工作室";
				TargetAttributes = {
					1A70532A207D96BB00817186 = {
						CreatedOnToolsVersion = 9.1;
						ProvisioningStyle = Manual;
					};
				};
			};
			buildConfigurationList = 1A705326207D96BB00817186 /* Build configuration list for PBXProject "project03-PlayLocalVideo" */;
			compatibilityVersion = "Xcode 8.0";
			developmentRegion = en;
			hasScannedForEncodings = 0;
			knownRegions = (
				en,
				Base,
			);
			mainGroup = 1A705322207D96BB00817186;
			productRefGroup = 1A70532C207D96BB00817186 /* Products */;
			projectDirPath = "";
			projectRoot = "";
			targets = (
				1A70532A207D96BB00817186 /* project03-PlayLocalVideo */,
			);
		};
/* End PBXProject section */

/* Begin PBXResourcesBuildPhase section */
		1A705329207D96BB00817186 /* Resources */ = {
			isa = PBXResourcesBuildPhase;
			buildActionMask = 2147483647;
			files = (
				1A705339207D96BB00817186 /* LaunchScreen.storyboard in Resources */,
				1A705344207DB2B500817186 /* emoji zone.mp4 in Resources */,
				1A705336207D96BB00817186 /* Assets.xcassets in Resources */,
				1A705334207D96BB00817186 /* Main.storyboard in Resources */,
			);
			runOnlyForDeploymentPostprocessing = 0;
		};
/* End PBXResourcesBuildPhase section */

/* Begin PBXSourcesBuildPhase section */
		1A705327207D96BB00817186 /* Sources */ = {
			isa = PBXSourcesBuildPhase;
			buildActionMask = 2147483647;
			files = (
				1A705331207D96BB00817186 /* ViewController.swift in Sources */,
				1A70532F207D96BB00817186 /* AppDelegate.swift in Sources */,
				1A705341207D995F00817186 /* VideoCell.swift in Sources */,
			);
			runOnlyForDeploymentPostprocessing = 0;
		};
/* End PBXSourcesBuildPhase section */

/* Begin PBXVariantGroup section */
		1A705332207D96BB00817186 /* Main.storyboard */ = {
			isa = PBXVariantGroup;
			children = (
				1A705333207D96BB00817186 /* Base */,
			);
			name = Main.storyboard;
			sourceTree = "<group>";
		};
		1A705337207D96BB00817186 /* LaunchScreen.storyboard */ = {
			isa = PBXVariantGroup;
			children = (
				1A705338207D96BB00817186 /* Base */,
			);
			name = LaunchScreen.storyboard;
			sourceTree = "<group>";
		};
/* End PBXVariantGroup section */

/* Begin XCBuildConfiguration section */
		1A70533B207D96BB00817186 /* Debug */ = {
			isa = XCBuildConfiguration;
			buildSettings = {
				ALWAYS_SEARCH_USER_PATHS = NO;
				CLANG_ANALYZER_NONNULL = YES;
				CLANG_ANALYZER_NUMBER_OBJECT_CONVERSION = YES_AGGRESSIVE;
				CLANG_CXX_LANGUAGE_STANDARD = "gnu++14";
				CLANG_CXX_LIBRARY = "libc++";
				CLANG_ENABLE_MODULES = YES;
				CLANG_ENABLE_OBJC_ARC = YES;
				CLANG_WARN_BLOCK_CAPTURE_AUTORELEASING = YES;
				CLANG_WARN_BOOL_CONVERSION = YES;
				CLANG_WARN_COMMA = YES;
				CLANG_WARN_CONSTANT_CONVERSION = YES;
				CLANG_WARN_DIRECT_OBJC_ISA_USAGE = YES_ERROR;
				CLANG_WARN_DOCUMENTATION_COMMENTS = YES;
				CLANG_WARN_EMPTY_BODY = YES;
				CLANG_WARN_ENUM_CONVERSION = YES;
				CLANG_WARN_INFINITE_RECURSION = YES;
				CLANG_WARN_INT_CONVERSION = YES;
				CLANG_WARN_NON_LITERAL_NULL_CONVERSION = YES;
				CLANG_WARN_OBJC_LITERAL_CONVERSION = YES;
				CLANG_WARN_OBJC_ROOT_CLASS = YES_ERROR;
				CLANG_WARN_RANGE_LOOP_ANALYSIS = YES;
				CLANG_WARN_STRICT_PROTOTYPES = YES;
				CLANG_WARN_SUSPICIOUS_MOVE = YES;
				CLANG_WARN_UNGUARDED_AVAILABILITY = YES_AGGRESSIVE;
				CLANG_WARN_UNREACHABLE_CODE = YES;
				CLANG_WARN__DUPLICATE_METHOD_MATCH = YES;
				CODE_SIGN_IDENTITY = "iPhone Developer";
				COPY_PHASE_STRIP = NO;
				DEBUG_INFORMATION_FORMAT = dwarf;
				ENABLE_STRICT_OBJC_MSGSEND = YES;
				ENABLE_TESTABILITY = YES;
				GCC_C_LANGUAGE_STANDARD = gnu11;
				GCC_DYNAMIC_NO_PIC = NO;
				GCC_NO_COMMON_BLOCKS = YES;
				GCC_OPTIMIZATION_LEVEL = 0;
				GCC_PREPROCESSOR_DEFINITIONS = (
					"DEBUG=1",
					"$(inherited)",
				);
				GCC_WARN_64_TO_32_BIT_CONVERSION = YES;
				GCC_WARN_ABOUT_RETURN_TYPE = YES_ERROR;
				GCC_WARN_UNDECLARED_SELECTOR = YES;
				GCC_WARN_UNINITIALIZED_AUTOS = YES_AGGRESSIVE;
				GCC_WARN_UNUSED_FUNCTION = YES;
				GCC_WARN_UNUSED_VARIABLE = YES;
				IPHONEOS_DEPLOYMENT_TARGET = 11.1;
				MTL_ENABLE_DEBUG_INFO = YES;
				ONLY_ACTIVE_ARCH = YES;
				SDKROOT = iphoneos;
				SWIFT_ACTIVE_COMPILATION_CONDITIONS = DEBUG;
				SWIFT_OPTIMIZATION_LEVEL = "-Onone";
			};
			name = Debug;
		};
		1A70533C207D96BB00817186 /* Release */ = {
			isa = XCBuildConfiguration;
			buildSettings = {
				ALWAYS_SEARCH_USER_PATHS = NO;
				CLANG_ANALYZER_NONNULL = YES;
				CLANG_ANALYZER_NUMBER_OBJECT_CONVERSION = YES_AGGRESSIVE;
				CLANG_CXX_LANGUAGE_STANDARD = "gnu++14";
				CLANG_CXX_LIBRARY = "libc++";
				CLANG_ENABLE_MODULES = YES;
				CLANG_ENABLE_OBJC_ARC = YES;
				CLANG_WARN_BLOCK_CAPTURE_AUTORELEASING = YES;
				CLANG_WARN_BOOL_CONVERSION = YES;
				CLANG_WARN_COMMA = YES;
				CLANG_WARN_CONSTANT_CONVERSION = YES;
				CLANG_WARN_DIRECT_OBJC_ISA_USAGE = YES_ERROR;
				CLANG_WARN_DOCUMENTATION_COMMENTS = YES;
				CLANG_WARN_EMPTY_BODY = YES;
				CLANG_WARN_ENUM_CONVERSION = YES;
				CLANG_WARN_INFINITE_RECURSION = YES;
				CLANG_WARN_INT_CONVERSION = YES;
				CLANG_WARN_NON_LITERAL_NULL_CONVERSION = YES;
				CLANG_WARN_OBJC_LITERAL_CONVERSION = YES;
				CLANG_WARN_OBJC_ROOT_CLASS = YES_ERROR;
				CLANG_WARN_RANGE_LOOP_ANALYSIS = YES;
				CLANG_WARN_STRICT_PROTOTYPES = YES;
				CLANG_WARN_SUSPICIOUS_MOVE = YES;
				CLANG_WARN_UNGUARDED_AVAILABILITY = YES_AGGRESSIVE;
				CLANG_WARN_UNREACHABLE_CODE = YES;
				CLANG_WARN__DUPLICATE_METHOD_MATCH = YES;
				CODE_SIGN_IDENTITY = "iPhone Developer";
				COPY_PHASE_STRIP = NO;
				DEBUG_INFORMATION_FORMAT = "dwarf-with-dsym";
				ENABLE_NS_ASSERTIONS = NO;
				ENABLE_STRICT_OBJC_MSGSEND = YES;
				GCC_C_LANGUAGE_STANDARD = gnu11;
				GCC_NO_COMMON_BLOCKS = YES;
				GCC_WARN_64_TO_32_BIT_CONVERSION = YES;
				GCC_WARN_ABOUT_RETURN_TYPE = YES_ERROR;
				GCC_WARN_UNDECLARED_SELECTOR = YES;
				GCC_WARN_UNINITIALIZED_AUTOS = YES_AGGRESSIVE;
				GCC_WARN_UNUSED_FUNCTION = YES;
				GCC_WARN_UNUSED_VARIABLE = YES;
				IPHONEOS_DEPLOYMENT_TARGET = 11.1;
				MTL_ENABLE_DEBUG_INFO = NO;
				SDKROOT = iphoneos;
				SWIFT_OPTIMIZATION_LEVEL = "-Owholemodule";
				VALIDATE_PRODUCT = YES;
			};
			name = Release;
		};
		1A70533E207D96BB00817186 /* Debug */ = {
			isa = XCBuildConfiguration;
			buildSettings = {
				ASSETCATALOG_COMPILER_APPICON_NAME = AppIcon;
				CODE_SIGN_STYLE = Manual;
				DEVELOPMENT_TEAM = 59KRDA67VV;
				INFOPLIST_FILE = "project03-PlayLocalVideo/Info.plist";
				LD_RUNPATH_SEARCH_PATHS = "$(inherited) @executable_path/Frameworks";
				PRODUCT_BUNDLE_IDENTIFIER = "com.ido.code.project03-PlayLocalVideo";
				PRODUCT_NAME = "$(TARGET_NAME)";
				PROVISIONING_PROFILE = "d024169e-9277-4b6f-be9c-1263aa6057cb";
				PROVISIONING_PROFILE_SPECIFIER = nccbankTest;
				SWIFT_VERSION = 4.0;
				TARGETED_DEVICE_FAMILY = "1,2";
			};
			name = Debug;
		};
		1A70533F207D96BB00817186 /* Release */ = {
			isa = XCBuildConfiguration;
			buildSettings = {
				ASSETCATALOG_COMPILER_APPICON_NAME = AppIcon;
				CODE_SIGN_STYLE = Manual;
				DEVELOPMENT_TEAM = 59KRDA67VV;
				INFOPLIST_FILE = "project03-PlayLocalVideo/Info.plist";
				LD_RUNPATH_SEARCH_PATHS = "$(inherited) @executable_path/Frameworks";
				PRODUCT_BUNDLE_IDENTIFIER = "com.ido.code.project03-PlayLocalVideo";
				PRODUCT_NAME = "$(TARGET_NAME)";
				PROVISIONING_PROFILE = "d024169e-9277-4b6f-be9c-1263aa6057cb";
				PROVISIONING_PROFILE_SPECIFIER = nccbankTest;
				SWIFT_VERSION = 4.0;
				TARGETED_DEVICE_FAMILY = "1,2";
			};
			name = Release;
		};
/* End XCBuildConfiguration section */

/* Begin XCConfigurationList section */
		1A705326207D96BB00817186 /* Build configuration list for PBXProject "project03-PlayLocalVideo" */ = {
			isa = XCConfigurationList;
			buildConfigurations = (
				1A70533B207D96BB00817186 /* Debug */,
				1A70533C207D96BB00817186 /* Release */,
			);
			defaultConfigurationIsVisible = 0;
			defaultConfigurationName = Release;
		};
		1A70533D207D96BB00817186 /* Build configuration list for PBXNativeTarget "project03-PlayLocalVideo" */ = {
			isa = XCConfigurationList;
			buildConfigurations = (
				1A70533E207D96BB00817186 /* Debug */,
				1A70533F207D96BB00817186 /* Release */,
			);
			defaultConfigurationIsVisible = 0;
			defaultConfigurationName = Release;
		};
/* End XCConfigurationList section */
	};
	rootObject = 1A705323207D96BB00817186 /* Project object */;
}
